
Microsoft Visual Studio Solution File, Format Version 12.00
# Visual Studio Version 16
VisualStudioVersion = 16.0.29613.14
MinimumVisualStudioVersion = 10.0.40219.1
Project("{FAE04EC0-301F-11D3-BF4B-00C04F79EFBC}") = "StoreSystem", "StoreSystem\StoreSystem.csproj", "{01422293-3FC0-46A8-9373-AC35673C0555}"
EndProject
Global
	GlobalSection(SolutionConfigurationPlatforms) = preSolution
		Debug|Any CPU = Debug|Any CPU
		Release|Any CPU = Release|Any CPU
	EndGlobalSection
	GlobalSection(ProjectConfigurationPlatforms) = postSolution
		{01422293-3FC0-46A8-9373-AC35673C0555}.Debug|Any CPU.ActiveCfg = Debug|Any CPU
		{01422293-3FC0-46A8-9373-AC35673C0555}.Debug|Any CPU.Build.0 = Debug|Any CPU
		{01422293-3FC0-46A8-9373-AC35673C0555}.Release|Any CPU.ActiveCfg = Release|Any CPU
		{01422293-3FC0-46A8-9373-AC35673C0555}.Release|Any CPU.Build.0 = Release|Any CPU
	EndGlobalSection
	GlobalSection(SolutionProperties) = preSolution
		HideSolutionNode = FALSE
	EndGlobalSection
	GlobalSection(ExtensibilityGlobals) = postSolution
		SolutionGuid = {C15FE259-D613-42F0-9F3C-C7EFDD41D1F7}
	EndGlobalSection
EndGlobal
